
Microsoft Visual Studio Solution File, Format Version 12.00
# Visual Studio 15
VisualStudioVersion = 15.0.28307.1684
MinimumVisualStudioVersion = 10.0.40219.1
Project("{FAE04EC0-301F-11D3-BF4B-00C04F79EFBC}") = "BlackJackApp", "BlackJackApp.csproj", "{D9206255-C2C1-4A7F-AD62-26D39DE9D1D0}"
EndProject
Global
	GlobalSection(SolutionConfigurationPlatforms) = preSolution
		Debug|Any CPU = Debug|Any CPU
		Release|Any CPU = Release|Any CPU
	EndGlobalSection
	GlobalSection(ProjectConfigurationPlatforms) = postSolution
		{D9206255-C2C1-4A7F-AD62-26D39DE9D1D0}.Debug|Any CPU.ActiveCfg = Debug|Any CPU
		{D9206255-C2C1-4A7F-AD62-26D39DE9D1D0}.Debug|Any CPU.Build.0 = Debug|Any CPU
		{D9206255-C2C1-4A7F-AD62-26D39DE9D1D0}.Release|Any CPU.ActiveCfg = Release|Any CPU
		{D9206255-C2C1-4A7F-AD62-26D39DE9D1D0}.Release|Any CPU.Build.0 = Release|Any CPU
	EndGlobalSection
	GlobalSection(SolutionProperties) = preSolution
		HideSolutionNode = FALSE
	EndGlobalSection
	GlobalSection(ExtensibilityGlobals) = postSolution
		SolutionGuid = {21CE157A-A863-4BC6-9F41-C72A19B10781}
	EndGlobalSection
EndGlobal
